dependencies:
  espressif/esp-dsp:
    component_hash: a9a1e516033ce2ea63e6286cc227d8ecb87769d628dcc6394b4e024311ac64b9
    source:
      service_url: https://api.components.espressif.com/
      type: service
    version: 1.3.0
  idf:
    component_hash: null
    source:
      type: idf
    version: 5.1.0
manifest_hash: bfffe18d3da3d6594fd59d53627d657f442b9bec015f6b61cea2a284cd491170
target: esp32
version: 1.0.0
